
Microsoft Visual Studio Solution File, Format Version 12.00
# Visual Studio Version 17
VisualStudioVersion = 17.6.33829.357
MinimumVisualStudioVersion = 10.0.40219.1
Project("{FAE04EC0-301F-11D3-BF4B-00C04F79EFBC}") = "Tarea 1 Administracion de electrodomesticos", "Tarea 1 Administracion de electrodomesticos\Tarea 1 Administracion de electrodomesticos.csproj", "{952C5A68-EA4C-4510-894E-27A5CF164FDE}"
EndProject
Global
	GlobalSection(SolutionConfigurationPlatforms) = preSolution
		Debug|Any CPU = Debug|Any CPU
		Release|Any CPU = Release|Any CPU
	EndGlobalSection
	GlobalSection(ProjectConfigurationPlatforms) = postSolution
		{952C5A68-EA4C-4510-894E-27A5CF164FDE}.Debug|Any CPU.ActiveCfg = Debug|Any CPU
		{952C5A68-EA4C-4510-894E-27A5CF164FDE}.Debug|Any CPU.Build.0 = Debug|Any CPU
		{952C5A68-EA4C-4510-894E-27A5CF164FDE}.Release|Any CPU.ActiveCfg = Release|Any CPU
		{952C5A68-EA4C-4510-894E-27A5CF164FDE}.Release|Any CPU.Build.0 = Release|Any CPU
	EndGlobalSection
	GlobalSection(SolutionProperties) = preSolution
		HideSolutionNode = FALSE
	EndGlobalSection
	GlobalSection(ExtensibilityGlobals) = postSolution
		SolutionGuid = {14A86BFB-D0C2-41CA-AF1A-599ACFF5C9AC}
	EndGlobalSection
EndGlobal
